// !$*UTF8*$!
{
	archiveVersion = 1;
	classes = {
	};
	objectVersion = 46;
	objects = {

/* Begin PBXBuildFile section */
		ADB69183142F5DF10095DB55 /* UIKit.framework in Frameworks */ = {isa = PBXBuildFile; fileRef = ADB69182142F5DF10095DB55 /* UIKit.framework */; };
		ADB69185142F5DF10095DB55 /* Foundation.framework in Frameworks */ = {isa = PBXBuildFile; fileRef = ADB69184142F5DF10095DB55 /* Foundation.framework */; };
		ADB69187142F5DF10095DB55 /* CoreGraphics.framework in Frameworks */ = {isa = PBXBuildFile; fileRef = ADB69186142F5DF10095DB55 /* CoreGraphics.framework */; };
		ADB6918D142F5DF10095DB55 /* InfoPlist.strings in Resources */ = {isa = PBXBuildFile; fileRef = ADB6918B142F5DF10095DB55 /* InfoPlist.strings */; };
		ADB6918F142F5DF10095DB55 /* main.m in Sources */ = {isa = PBXBuildFile; fileRef = ADB6918E142F5DF10095DB55 /* main.m */; };
		ADB69193142F5DF10095DB55 /* socketioAppDelegate.m in Sources */ = {isa = PBXBuildFile; fileRef = ADB69192142F5DF10095DB55 /* socketioAppDelegate.m */; };
		ADB69196142F5DF10095DB55 /* MainWindow.xib in Resources */ = {isa = PBXBuildFile; fileRef = ADB69194142F5DF10095DB55 /* MainWindow.xib */; };
		ADB69199142F5DF10095DB55 /* socketioViewController.m in Sources */ = {isa = PBXBuildFile; fileRef = ADB69198142F5DF10095DB55 /* socketioViewController.m */; };
		ADB6919C142F5DF10095DB55 /* socketioViewController.xib in Resources */ = {isa = PBXBuildFile; fileRef = ADB6919A142F5DF10095DB55 /* socketioViewController.xib */; };
		ADB6925B142F68730095DB55 /* CFNetwork.framework in Frameworks */ = {isa = PBXBuildFile; fileRef = ADB6925A142F68730095DB55 /* CFNetwork.framework */; };
		ADB6925D142F68860095DB55 /* SystemConfiguration.framework in Frameworks */ = {isa = PBXBuildFile; fileRef = ADB6925C142F68860095DB55 /* SystemConfiguration.framework */; };
		ADB69276142F69120095DB55 /* libxml2.dylib in Frameworks */ = {isa = PBXBuildFile; fileRef = ADB69275142F69120095DB55 /* libxml2.dylib */; };
		ADB692D9142F6E0F0095DB55 /* NSObject+SBJson.m in Sources */ = {isa = PBXBuildFile; fileRef = ADB692C1142F6E0F0095DB55 /* NSObject+SBJson.m */; };
		ADB692DA142F6E0F0095DB55 /* SBJsonParser.m in Sources */ = {isa = PBXBuildFile; fileRef = ADB692C4142F6E0F0095DB55 /* SBJsonParser.m */; };
		ADB692DB142F6E0F0095DB55 /* SBJsonStreamParser.m in Sources */ = {isa = PBXBuildFile; fileRef = ADB692C6142F6E0F0095DB55 /* SBJsonStreamParser.m */; };
		ADB692DC142F6E0F0095DB55 /* SBJsonStreamParserAccumulator.m in Sources */ = {isa = PBXBuildFile; fileRef = ADB692C8142F6E0F0095DB55 /* SBJsonStreamParserAccumulator.m */; };
		ADB692DD142F6E0F0095DB55 /* SBJsonStreamParserAdapter.m in Sources */ = {isa = PBXBuildFile; fileRef = ADB692CA142F6E0F0095DB55 /* SBJsonStreamParserAdapter.m */; };
		ADB692DE142F6E0F0095DB55 /* SBJsonStreamParserState.m in Sources */ = {isa = PBXBuildFile; fileRef = ADB692CC142F6E0F0095DB55 /* SBJsonStreamParserState.m */; };
		ADB692DF142F6E0F0095DB55 /* SBJsonStreamWriter.m in Sources */ = {isa = PBXBuildFile; fileRef = ADB692CE142F6E0F0095DB55 /* SBJsonStreamWriter.m */; };
		ADB692E0142F6E0F0095DB55 /* SBJsonStreamWriterAccumulator.m in Sources */ = {isa = PBXBuildFile; fileRef = ADB692D0142F6E0F0095DB55 /* SBJsonStreamWriterAccumulator.m */; };
		ADB692E1142F6E0F0095DB55 /* SBJsonStreamWriterState.m in Sources */ = {isa = PBXBuildFile; fileRef = ADB692D2142F6E0F0095DB55 /* SBJsonStreamWriterState.m */; };
		ADB692E2142F6E0F0095DB55 /* SBJsonTokeniser.m in Sources */ = {isa = PBXBuildFile; fileRef = ADB692D4142F6E0F0095DB55 /* SBJsonTokeniser.m */; };
		ADB692E3142F6E0F0095DB55 /* SBJsonUTF8Stream.m in Sources */ = {isa = PBXBuildFile; fileRef = ADB692D6142F6E0F0095DB55 /* SBJsonUTF8Stream.m */; };
		ADB692E4142F6E0F0095DB55 /* SBJsonWriter.m in Sources */ = {isa = PBXBuildFile; fileRef = ADB692D8142F6E0F0095DB55 /* SBJsonWriter.m */; };
		ADB692E7142F6E4E0095DB55 /* SocketIO.m in Sources */ = {isa = PBXBuildFile; fileRef = ADB692E6142F6E4E0095DB55 /* SocketIO.m */; };
		ADB692F0142F6EB00095DB55 /* Reachability.m in Sources */ = {isa = PBXBuildFile; fileRef = ADB692EF142F6EB00095DB55 /* Reachability.m */; };
		ADB6937D142F6EE80095DB55 /* ASIAuthenticationDialog.m in Sources */ = {isa = PBXBuildFile; fileRef = ADB6936E142F6EE80095DB55 /* ASIAuthenticationDialog.m */; };
		ADB6937E142F6EE80095DB55 /* ASIInputStream.m in Sources */ = {isa = PBXBuildFile; fileRef = ADB69370142F6EE80095DB55 /* ASIInputStream.m */; };
		ADB6937F142F6EE80095DB55 /* ASIFormDataRequest.m in Sources */ = {isa = PBXBuildFile; fileRef = ADB69372142F6EE80095DB55 /* ASIFormDataRequest.m */; };
		ADB69380142F6EE80095DB55 /* ASIHTTPRequest.m in Sources */ = {isa = PBXBuildFile; fileRef = ADB69374142F6EE80095DB55 /* ASIHTTPRequest.m */; };
		ADB69381142F6EE80095DB55 /* ASINetworkQueue.m in Sources */ = {isa = PBXBuildFile; fileRef = ADB69376142F6EE80095DB55 /* ASINetworkQueue.m */; };
		ADB69382142F6EE80095DB55 /* ASIDownloadCache.m in Sources */ = {isa = PBXBuildFile; fileRef = ADB69378142F6EE80095DB55 /* ASIDownloadCache.m */; };
		ADB69383142F6EE80095DB55 /* ASIDataDecompressor.m in Sources */ = {isa = PBXBuildFile; fileRef = ADB6937A142F6EE80095DB55 /* ASIDataDecompressor.m */; };
		ADB69384142F6EE80095DB55 /* ASIDataCompressor.m in Sources */ = {isa = PBXBuildFile; fileRef = ADB6937C142F6EE80095DB55 /* ASIDataCompressor.m */; };
		ADB69387142F6F230095DB55 /* ASIWebPageRequest.m in Sources */ = {isa = PBXBuildFile; fileRef = ADB69386142F6F230095DB55 /* ASIWebPageRequest.m */; };
		ADB69391142F6F750095DB55 /* AsyncSocket Documentation.html in Resources */ = {isa = PBXBuildFile; fileRef = ADB69389142F6F750095DB55 /* AsyncSocket Documentation.html */; };
		ADB69392142F6F750095DB55 /* AsyncSocket.m in Sources */ = {isa = PBXBuildFile; fileRef = ADB6938B142F6F750095DB55 /* AsyncSocket.m */; };
		ADB69393142F6F750095DB55 /* AsyncUdpSocket.m in Sources */ = {isa = PBXBuildFile; fileRef = ADB6938D142F6F750095DB55 /* AsyncUdpSocket.m */; };
		ADB69394142F6F750095DB55 /* changes.txt in Resources */ = {isa = PBXBuildFile; fileRef = ADB6938E142F6F750095DB55 /* changes.txt */; };
		ADB69395142F6F750095DB55 /* WebSocket.m in Sources */ = {isa = PBXBuildFile; fileRef = ADB69390142F6F750095DB55 /* WebSocket.m */; };
		ADB69398142F6F910095DB55 /* RegexKitLite.m in Sources */ = {isa = PBXBuildFile; fileRef = ADB69397142F6F910095DB55 /* RegexKitLite.m */; };
		ADB6939A142F70360095DB55 /* MobileCoreServices.framework in Frameworks */ = {isa = PBXBuildFile; fileRef = ADB69399142F70360095DB55 /* MobileCoreServices.framework */; };
/* End PBXBuildFile section */

/* Begin PBXFileReference section */
		ADB6917E142F5DF10095DB55 /* socketio.app */ = {isa = PBXFileReference; explicitFileType = wrapper.application; includeInIndex = 0; path = socketio.app; sourceTree = BUILT_PRODUCTS_DIR; };
		ADB69182142F5DF10095DB55 /* UIKit.framework */ = {isa = PBXFileReference; lastKnownFileType = wrapper.framework; name = UIKit.framework; path = System/Library/Frameworks/UIKit.framework; sourceTree = SDKROOT; };
		ADB69184142F5DF10095DB55 /* Foundation.framework */ = {isa = PBXFileReference; lastKnownFileType = wrapper.framework; name = Foundation.framework; path = System/Library/Frameworks/Foundation.framework; sourceTree = SDKROOT; };
		ADB69186142F5DF10095DB55 /* CoreGraphics.framework */ = {isa = PBXFileReference; lastKnownFileType = wrapper.framework; name = CoreGraphics.framework; path = System/Library/Frameworks/CoreGraphics.framework; sourceTree = SDKROOT; };
		ADB6918A142F5DF10095DB55 /* socketio-Info.plist */ = {isa = PBXFileReference; lastKnownFileType = text.plist.xml; path = "socketio-Info.plist"; sourceTree = "<group>"; };
		ADB6918C142F5DF10095DB55 /* en */ = {isa = PBXFileReference; lastKnownFileType = text.plist.strings; name = en; path = en.lproj/InfoPlist.strings; sourceTree = "<group>"; };
		ADB6918E142F5DF10095DB55 /* main.m */ = {isa = PBXFileReference; lastKnownFileType = sourcecode.c.objc; path = main.m; sourceTree = "<group>"; };
		ADB69190142F5DF10095DB55 /* socketio-Prefix.pch */ = {isa = PBXFileReference; lastKnownFileType = sourcecode.c.h; path = "socketio-Prefix.pch"; sourceTree = "<group>"; };
		ADB69191142F5DF10095DB55 /* socketioAppDelegate.h */ = {isa = PBXFileReference; lastKnownFileType = sourcecode.c.h; path = socketioAppDelegate.h; sourceTree = "<group>"; };
		ADB69192142F5DF10095DB55 /* socketioAppDelegate.m */ = {isa = PBXFileReference; lastKnownFileType = sourcecode.c.objc; path = socketioAppDelegate.m; sourceTree = "<group>"; };
		ADB69195142F5DF10095DB55 /* en */ = {isa = PBXFileReference; lastKnownFileType = file.xib; name = en; path = en.lproj/MainWindow.xib; sourceTree = "<group>"; };
		ADB69197142F5DF10095DB55 /* socketioViewController.h */ = {isa = PBXFileReference; lastKnownFileType = sourcecode.c.h; path = socketioViewController.h; sourceTree = "<group>"; };
		ADB69198142F5DF10095DB55 /* socketioViewController.m */ = {isa = PBXFileReference; lastKnownFileType = sourcecode.c.objc; path = socketioViewController.m; sourceTree = "<group>"; };
		ADB6919B142F5DF10095DB55 /* en */ = {isa = PBXFileReference; lastKnownFileType = file.xib; name = en; path = en.lproj/socketioViewController.xib; sourceTree = "<group>"; };
		ADB6925A142F68730095DB55 /* CFNetwork.framework */ = {isa = PBXFileReference; lastKnownFileType = wrapper.framework; name = CFNetwork.framework; path = System/Library/Frameworks/CFNetwork.framework; sourceTree = SDKROOT; };
		ADB6925C142F68860095DB55 /* SystemConfiguration.framework */ = {isa = PBXFileReference; lastKnownFileType = wrapper.framework; name = SystemConfiguration.framework; path = System/Library/Frameworks/SystemConfiguration.framework; sourceTree = SDKROOT; };
		ADB69275142F69120095DB55 /* libxml2.dylib */ = {isa = PBXFileReference; lastKnownFileType = "compiled.mach-o.dylib"; name = libxml2.dylib; path = usr/lib/libxml2.dylib; sourceTree = SDKROOT; };
		ADB692BD142F6D400095DB55 /* Foundation.framework */ = {isa = PBXFileReference; lastKnownFileType = wrapper.framework; name = Foundation.framework; path = System/Library/Frameworks/Foundation.framework; sourceTree = SDKROOT; };
		ADB692C0142F6E0F0095DB55 /* NSObject+SBJson.h */ = {isa = PBXFileReference; fileEncoding = 4; lastKnownFileType = sourcecode.c.h; path = "NSObject+SBJson.h"; sourceTree = "<group>"; };
		ADB692C1142F6E0F0095DB55 /* NSObject+SBJson.m */ = {isa = PBXFileReference; fileEncoding = 4; lastKnownFileType = sourcecode.c.objc; path = "NSObject+SBJson.m"; sourceTree = "<group>"; };
		ADB692C2142F6E0F0095DB55 /* SBJson.h */ = {isa = PBXFileReference; fileEncoding = 4; lastKnownFileType = sourcecode.c.h; path = SBJson.h; sourceTree = "<group>"; };
		ADB692C3142F6E0F0095DB55 /* SBJsonParser.h */ = {isa = PBXFileReference; fileEncoding = 4; lastKnownFileType = sourcecode.c.h; path = SBJsonParser.h; sourceTree = "<group>"; };
		ADB692C4142F6E0F0095DB55 /* SBJsonParser.m */ = {isa = PBXFileReference; fileEncoding = 4; lastKnownFileType = sourcecode.c.objc; path = SBJsonParser.m; sourceTree = "<group>"; };
		ADB692C5142F6E0F0095DB55 /* SBJsonStreamParser.h */ = {isa = PBXFileReference; fileEncoding = 4; lastKnownFileType = sourcecode.c.h; path = SBJsonStreamParser.h; sourceTree = "<group>"; };
		ADB692C6142F6E0F0095DB55 /* SBJsonStreamParser.m */ = {isa = PBXFileReference; fileEncoding = 4; lastKnownFileType = sourcecode.c.objc; path = SBJsonStreamParser.m; sourceTree = "<group>"; };
		ADB692C7142F6E0F0095DB55 /* SBJsonStreamParserAccumulator.h */ = {isa = PBXFileReference; fileEncoding = 4; lastKnownFileType = sourcecode.c.h; path = SBJsonStreamParserAccumulator.h; sourceTree = "<group>"; };
		ADB692C8142F6E0F0095DB55 /* SBJsonStreamParserAccumulator.m */ = {isa = PBXFileReference; fileEncoding = 4; lastKnownFileType = sourcecode.c.objc; path = SBJsonStreamParserAccumulator.m; sourceTree = "<group>"; };
		ADB692C9142F6E0F0095DB55 /* SBJsonStreamParserAdapter.h */ = {isa = PBXFileReference; fileEncoding = 4; lastKnownFileType = sourcecode.c.h; path = SBJsonStreamParserAdapter.h; sourceTree = "<group>"; };
		ADB692CA142F6E0F0095DB55 /* SBJsonStreamParserAdapter.m */ = {isa = PBXFileReference; fileEncoding = 4; lastKnownFileType = sourcecode.c.objc; path = SBJsonStreamParserAdapter.m; sourceTree = "<group>"; };
		ADB692CB142F6E0F0095DB55 /* SBJsonStreamParserState.h */ = {isa = PBXFileReference; fileEncoding = 4; lastKnownFileType = sourcecode.c.h; path = SBJsonStreamParserState.h; sourceTree = "<group>"; };
		ADB692CC142F6E0F0095DB55 /* SBJsonStreamParserState.m */ = {isa = PBXFileReference; fileEncoding = 4; lastKnownFileType = sourcecode.c.objc; path = SBJsonStreamParserState.m; sourceTree = "<group>"; };
		ADB692CD142F6E0F0095DB55 /* SBJsonStreamWriter.h */ = {isa = PBXFileReference; fileEncoding = 4; lastKnownFileType = sourcecode.c.h; path = SBJsonStreamWriter.h; sourceTree = "<group>"; };
		ADB692CE142F6E0F0095DB55 /* SBJsonStreamWriter.m */ = {isa = PBXFileReference; fileEncoding = 4; lastKnownFileType = sourcecode.c.objc; path = SBJsonStreamWriter.m; sourceTree = "<group>"; };
		ADB692CF142F6E0F0095DB55 /* SBJsonStreamWriterAccumulator.h */ = {isa = PBXFileReference; fileEncoding = 4; lastKnownFileType = sourcecode.c.h; path = SBJsonStreamWriterAccumulator.h; sourceTree = "<group>"; };
		ADB692D0142F6E0F0095DB55 /* SBJsonStreamWriterAccumulator.m */ = {isa = PBXFileReference; fileEncoding = 4; lastKnownFileType = sourcecode.c.objc; path = SBJsonStreamWriterAccumulator.m; sourceTree = "<group>"; };
		ADB692D1142F6E0F0095DB55 /* SBJsonStreamWriterState.h */ = {isa = PBXFileReference; fileEncoding = 4; lastKnownFileType = sourcecode.c.h; path = SBJsonStreamWriterState.h; sourceTree = "<group>"; };
		ADB692D2142F6E0F0095DB55 /* SBJsonStreamWriterState.m */ = {isa = PBXFileReference; fileEncoding = 4; lastKnownFileType = sourcecode.c.objc; path = SBJsonStreamWriterState.m; sourceTree = "<group>"; };
		ADB692D3142F6E0F0095DB55 /* SBJsonTokeniser.h */ = {isa = PBXFileReference; fileEncoding = 4; lastKnownFileType = sourcecode.c.h; path = SBJsonTokeniser.h; sourceTree = "<group>"; };
		ADB692D4142F6E0F0095DB55 /* SBJsonTokeniser.m */ = {isa = PBXFileReference; fileEncoding = 4; lastKnownFileType = sourcecode.c.objc; path = SBJsonTokeniser.m; sourceTree = "<group>"; };
		ADB692D5142F6E0F0095DB55 /* SBJsonUTF8Stream.h */ = {isa = PBXFileReference; fileEncoding = 4; lastKnownFileType = sourcecode.c.h; path = SBJsonUTF8Stream.h; sourceTree = "<group>"; };
		ADB692D6142F6E0F0095DB55 /* SBJsonUTF8Stream.m */ = {isa = PBXFileReference; fileEncoding = 4; lastKnownFileType = sourcecode.c.objc; path = SBJsonUTF8Stream.m; sourceTree = "<group>"; };
		ADB692D7142F6E0F0095DB55 /* SBJsonWriter.h */ = {isa = PBXFileReference; fileEncoding = 4; lastKnownFileType = sourcecode.c.h; path = SBJsonWriter.h; sourceTree = "<group>"; };
		ADB692D8142F6E0F0095DB55 /* SBJsonWriter.m */ = {isa = PBXFileReference; fileEncoding = 4; lastKnownFileType = sourcecode.c.objc; path = SBJsonWriter.m; sourceTree = "<group>"; };
		ADB692E5142F6E4E0095DB55 /* SocketIO.h */ = {isa = PBXFileReference; fileEncoding = 4; lastKnownFileType = sourcecode.c.h; path = SocketIO.h; sourceTree = "<group>"; };
		ADB692E6142F6E4E0095DB55 /* SocketIO.m */ = {isa = PBXFileReference; fileEncoding = 4; lastKnownFileType = sourcecode.c.objc; path = SocketIO.m; sourceTree = "<group>"; };
		ADB692EE142F6EB00095DB55 /* Reachability.h */ = {isa = PBXFileReference; fileEncoding = 4; lastKnownFileType = sourcecode.c.h; path = Reachability.h; sourceTree = "<group>"; };
		ADB692EF142F6EB00095DB55 /* Reachability.m */ = {isa = PBXFileReference; fileEncoding = 4; lastKnownFileType = sourcecode.c.objc; path = Reachability.m; sourceTree = "<group>"; };
		ADB69369142F6EE80095DB55 /* ASIHTTPRequestConfig.h */ = {isa = PBXFileReference; fileEncoding = 4; lastKnownFileType = sourcecode.c.h; path = ASIHTTPRequestConfig.h; sourceTree = "<group>"; };
		ADB6936A142F6EE80095DB55 /* ASICacheDelegate.h */ = {isa = PBXFileReference; fileEncoding = 4; lastKnownFileType = sourcecode.c.h; path = ASICacheDelegate.h; sourceTree = "<group>"; };
		ADB6936B142F6EE80095DB55 /* ASIHTTPRequestDelegate.h */ = {isa = PBXFileReference; fileEncoding = 4; lastKnownFileType = sourcecode.c.h; path = ASIHTTPRequestDelegate.h; sourceTree = "<group>"; };
		ADB6936C142F6EE80095DB55 /* ASIProgressDelegate.h */ = {isa = PBXFileReference; fileEncoding = 4; lastKnownFileType = sourcecode.c.h; path = ASIProgressDelegate.h; sourceTree = "<group>"; };
		ADB6936D142F6EE80095DB55 /* ASIAuthenticationDialog.h */ = {isa = PBXFileReference; fileEncoding = 4; lastKnownFileType = sourcecode.c.h; path = ASIAuthenticationDialog.h; sourceTree = "<group>"; };
		ADB6936E142F6EE80095DB55 /* ASIAuthenticationDialog.m */ = {isa = PBXFileReference; fileEncoding = 4; lastKnownFileType = sourcecode.c.objc; path = ASIAuthenticationDialog.m; sourceTree = "<group>"; };
		ADB6936F142F6EE80095DB55 /* ASIInputStream.h */ = {isa = PBXFileReference; fileEncoding = 4; lastKnownFileType = sourcecode.c.h; path = ASIInputStream.h; sourceTree = "<group>"; };
		ADB69370142F6EE80095DB55 /* ASIInputStream.m */ = {isa = PBXFileReference; fileEncoding = 4; lastKnownFileType = sourcecode.c.objc; path = ASIInputStream.m; sourceTree = "<group>"; };
		ADB69371142F6EE80095DB55 /* ASIFormDataRequest.h */ = {isa = PBXFileReference; fileEncoding = 4; lastKnownFileType = sourcecode.c.h; path = ASIFormDataRequest.h; sourceTree = "<group>"; };
		ADB69372142F6EE80095DB55 /* ASIFormDataRequest.m */ = {isa = PBXFileReference; fileEncoding = 4; lastKnownFileType = sourcecode.c.objc; path = ASIFormDataRequest.m; sourceTree = "<group>"; };
		ADB69373142F6EE80095DB55 /* ASIHTTPRequest.h */ = {isa = PBXFileReference; fileEncoding = 4; lastKnownFileType = sourcecode.c.h; path = ASIHTTPRequest.h; sourceTree = "<group>"; };
		ADB69374142F6EE80095DB55 /* ASIHTTPRequest.m */ = {isa = PBXFileReference; fileEncoding = 4; lastKnownFileType = sourcecode.c.objc; path = ASIHTTPRequest.m; sourceTree = "<group>"; };
		ADB69375142F6EE80095DB55 /* ASINetworkQueue.h */ = {isa = PBXFileReference; fileEncoding = 4; lastKnownFileType = sourcecode.c.h; path = ASINetworkQueue.h; sourceTree = "<group>"; };
		ADB69376142F6EE80095DB55 /* ASINetworkQueue.m */ = {isa = PBXFileReference; fileEncoding = 4; lastKnownFileType = sourcecode.c.objc; path = ASINetworkQueue.m; sourceTree = "<group>"; };
		ADB69377142F6EE80095DB55 /* ASIDownloadCache.h */ = {isa = PBXFileReference; fileEncoding = 4; lastKnownFileType = sourcecode.c.h; path = ASIDownloadCache.h; sourceTree = "<group>"; };
		ADB69378142F6EE80095DB55 /* ASIDownloadCache.m */ = {isa = PBXFileReference; fileEncoding = 4; lastKnownFileType = sourcecode.c.objc; path = ASIDownloadCache.m; sourceTree = "<group>"; };
		ADB69379142F6EE80095DB55 /* ASIDataDecompressor.h */ = {isa = PBXFileReference; fileEncoding = 4; lastKnownFileType = sourcecode.c.h; path = ASIDataDecompressor.h; sourceTree = "<group>"; };
		ADB6937A142F6EE80095DB55 /* ASIDataDecompressor.m */ = {isa = PBXFileReference; fileEncoding = 4; lastKnownFileType = sourcecode.c.objc; path = ASIDataDecompressor.m; sourceTree = "<group>"; };
		ADB6937B142F6EE80095DB55 /* ASIDataCompressor.h */ = {isa = PBXFileReference; fileEncoding = 4; lastKnownFileType = sourcecode.c.h; path = ASIDataCompressor.h; sourceTree = "<group>"; };
		ADB6937C142F6EE80095DB55 /* ASIDataCompressor.m */ = {isa = PBXFileReference; fileEncoding = 4; lastKnownFileType = sourcecode.c.objc; path = ASIDataCompressor.m; sourceTree = "<group>"; };
		ADB69385142F6F230095DB55 /* ASIWebPageRequest.h */ = {isa = PBXFileReference; fileEncoding = 4; lastKnownFileType = sourcecode.c.h; path = ASIWebPageRequest.h; sourceTree = "<group>"; };
		ADB69386142F6F230095DB55 /* ASIWebPageRequest.m */ = {isa = PBXFileReference; fileEncoding = 4; lastKnownFileType = sourcecode.c.objc; path = ASIWebPageRequest.m; sourceTree = "<group>"; };
		ADB69389142F6F750095DB55 /* AsyncSocket Documentation.html */ = {isa = PBXFileReference; fileEncoding = 4; lastKnownFileType = text.html; path = "AsyncSocket Documentation.html"; sourceTree = "<group>"; };
		ADB6938A142F6F750095DB55 /* AsyncSocket.h */ = {isa = PBXFileReference; fileEncoding = 4; lastKnownFileType = sourcecode.c.h; path = AsyncSocket.h; sourceTree = "<group>"; };
		ADB6938B142F6F750095DB55 /* AsyncSocket.m */ = {isa = PBXFileReference; fileEncoding = 4; lastKnownFileType = sourcecode.c.objc; path = AsyncSocket.m; sourceTree = "<group>"; };
		ADB6938C142F6F750095DB55 /* AsyncUdpSocket.h */ = {isa = PBXFileReference; fileEncoding = 4; lastKnownFileType = sourcecode.c.h; path = AsyncUdpSocket.h; sourceTree = "<group>"; };
		ADB6938D142F6F750095DB55 /* AsyncUdpSocket.m */ = {isa = PBXFileReference; fileEncoding = 4; lastKnownFileType = sourcecode.c.objc; path = AsyncUdpSocket.m; sourceTree = "<group>"; };
		ADB6938E142F6F750095DB55 /* changes.txt */ = {isa = PBXFileReference; fileEncoding = 4; lastKnownFileType = text; path = changes.txt; sourceTree = "<group>"; };
		ADB6938F142F6F750095DB55 /* WebSocket.h */ = {isa = PBXFileReference; fileEncoding = 4; lastKnownFileType = sourcecode.c.h; path = WebSocket.h; sourceTree = "<group>"; };
		ADB69390142F6F750095DB55 /* WebSocket.m */ = {isa = PBXFileReference; fileEncoding = 4; lastKnownFileType = sourcecode.c.objc; path = WebSocket.m; sourceTree = "<group>"; };
		ADB69396142F6F910095DB55 /* RegexKitLite.h */ = {isa = PBXFileReference; fileEncoding = 4; lastKnownFileType = sourcecode.c.h; path = RegexKitLite.h; sourceTree = "<group>"; };
		ADB69397142F6F910095DB55 /* RegexKitLite.m */ = {isa = PBXFileReference; fileEncoding = 4; lastKnownFileType = sourcecode.c.objc; path = RegexKitLite.m; sourceTree = "<group>"; };
		ADB69399142F70360095DB55 /* MobileCoreServices.framework */ = {isa = PBXFileReference; lastKnownFileType = wrapper.framework; name = MobileCoreServices.framework; path = System/Library/Frameworks/MobileCoreServices.framework; sourceTree = SDKROOT; };
/* End PBXFileReference section */

/* Begin PBXFrameworksBuildPhase section */
		ADB6917B142F5DF10095DB55 /* Frameworks */ = {
			isa = PBXFrameworksBuildPhase;
			buildActionMask = 2147483647;
			files = (
				ADB6939A142F70360095DB55 /* MobileCoreServices.framework in Frameworks */,
				ADB69185142F5DF10095DB55 /* Foundation.framework in Frameworks */,
				ADB69276142F69120095DB55 /* libxml2.dylib in Frameworks */,
				ADB6925D142F68860095DB55 /* SystemConfiguration.framework in Frameworks */,
				ADB6925B142F68730095DB55 /* CFNetwork.framework in Frameworks */,
				ADB69183142F5DF10095DB55 /* UIKit.framework in Frameworks */,
				ADB69187142F5DF10095DB55 /* CoreGraphics.framework in Frameworks */,
			);
			runOnlyForDeploymentPostprocessing = 0;
		};
/* End PBXFrameworksBuildPhase section */

/* Begin PBXGroup section */
		ADB69173142F5DF00095DB55 = {
			isa = PBXGroup;
			children = (
				ADB69399142F70360095DB55 /* MobileCoreServices.framework */,
				ADB692BE142F6E020095DB55 /* Library */,
				ADB692BD142F6D400095DB55 /* Foundation.framework */,
				ADB69275142F69120095DB55 /* libxml2.dylib */,
				ADB6925C142F68860095DB55 /* SystemConfiguration.framework */,
				ADB6925A142F68730095DB55 /* CFNetwork.framework */,
				ADB69188142F5DF10095DB55 /* socketio */,
				ADB69181142F5DF10095DB55 /* Frameworks */,
				ADB6917F142F5DF10095DB55 /* Products */,
			);
			sourceTree = "<group>";
		};
		ADB6917F142F5DF10095DB55 /* Products */ = {
			isa = PBXGroup;
			children = (
				ADB6917E142F5DF10095DB55 /* socketio.app */,
			);
			name = Products;
			sourceTree = "<group>";
		};
		ADB69181142F5DF10095DB55 /* Frameworks */ = {
			isa = PBXGroup;
			children = (
				ADB69182142F5DF10095DB55 /* UIKit.framework */,
				ADB69184142F5DF10095DB55 /* Foundation.framework */,
				ADB69186142F5DF10095DB55 /* CoreGraphics.framework */,
			);
			name = Frameworks;
			sourceTree = "<group>";
		};
		ADB69188142F5DF10095DB55 /* socketio */ = {
			isa = PBXGroup;
			children = (
				ADB69191142F5DF10095DB55 /* socketioAppDelegate.h */,
				ADB69192142F5DF10095DB55 /* socketioAppDelegate.m */,
				ADB69194142F5DF10095DB55 /* MainWindow.xib */,
				ADB69197142F5DF10095DB55 /* socketioViewController.h */,
				ADB69198142F5DF10095DB55 /* socketioViewController.m */,
				ADB6919A142F5DF10095DB55 /* socketioViewController.xib */,
				ADB69189142F5DF10095DB55 /* Supporting Files */,
			);
			path = socketio;
			sourceTree = "<group>";
		};
		ADB69189142F5DF10095DB55 /* Supporting Files */ = {
			isa = PBXGroup;
			children = (
				ADB6918A142F5DF10095DB55 /* socketio-Info.plist */,
				ADB6918B142F5DF10095DB55 /* InfoPlist.strings */,
				ADB6918E142F5DF10095DB55 /* main.m */,
				ADB69190142F5DF10095DB55 /* socketio-Prefix.pch */,
			);
			name = "Supporting Files";
			sourceTree = "<group>";
		};
		ADB692BE142F6E020095DB55 /* Library */ = {
			isa = PBXGroup;
			children = (
				ADB69396142F6F910095DB55 /* RegexKitLite.h */,
				ADB69397142F6F910095DB55 /* RegexKitLite.m */,
				ADB69388142F6F750095DB55 /* AsyncSocket */,
				ADB6938F142F6F750095DB55 /* WebSocket.h */,
				ADB69390142F6F750095DB55 /* WebSocket.m */,
				ADB692F1142F6ECB0095DB55 /* ASIHTTP */,
				ADB692EE142F6EB00095DB55 /* Reachability.h */,
				ADB692EF142F6EB00095DB55 /* Reachability.m */,
				ADB692E5142F6E4E0095DB55 /* SocketIO.h */,
				ADB692E6142F6E4E0095DB55 /* SocketIO.m */,
				ADB692BF142F6E0F0095DB55 /* JSON */,
			);
			name = Library;
			sourceTree = "<group>";
		};
		ADB692BF142F6E0F0095DB55 /* JSON */ = {
			isa = PBXGroup;
			children = (
				ADB692C0142F6E0F0095DB55 /* NSObject+SBJson.h */,
				ADB692C1142F6E0F0095DB55 /* NSObject+SBJson.m */,
				ADB692C2142F6E0F0095DB55 /* SBJson.h */,
				ADB692C3142F6E0F0095DB55 /* SBJsonParser.h */,
				ADB692C4142F6E0F0095DB55 /* SBJsonParser.m */,
				ADB692C5142F6E0F0095DB55 /* SBJsonStreamParser.h */,
				ADB692C6142F6E0F0095DB55 /* SBJsonStreamParser.m */,
				ADB692C7142F6E0F0095DB55 /* SBJsonStreamParserAccumulator.h */,
				ADB692C8142F6E0F0095DB55 /* SBJsonStreamParserAccumulator.m */,
				ADB692C9142F6E0F0095DB55 /* SBJsonStreamParserAdapter.h */,
				ADB692CA142F6E0F0095DB55 /* SBJsonStreamParserAdapter.m */,
				ADB692CB142F6E0F0095DB55 /* SBJsonStreamParserState.h */,
				ADB692CC142F6E0F0095DB55 /* SBJsonStreamParserState.m */,
				ADB692CD142F6E0F0095DB55 /* SBJsonStreamWriter.h */,
				ADB692CE142F6E0F0095DB55 /* SBJsonStreamWriter.m */,
				ADB692CF142F6E0F0095DB55 /* SBJsonStreamWriterAccumulator.h */,
				ADB692D0142F6E0F0095DB55 /* SBJsonStreamWriterAccumulator.m */,
				ADB692D1142F6E0F0095DB55 /* SBJsonStreamWriterState.h */,
				ADB692D2142F6E0F0095DB55 /* SBJsonStreamWriterState.m */,
				ADB692D3142F6E0F0095DB55 /* SBJsonTokeniser.h */,
				ADB692D4142F6E0F0095DB55 /* SBJsonTokeniser.m */,
				ADB692D5142F6E0F0095DB55 /* SBJsonUTF8Stream.h */,
				ADB692D6142F6E0F0095DB55 /* SBJsonUTF8Stream.m */,
				ADB692D7142F6E0F0095DB55 /* SBJsonWriter.h */,
				ADB692D8142F6E0F0095DB55 /* SBJsonWriter.m */,
			);
			path = JSON;
			sourceTree = "<group>";
		};
		ADB692F1142F6ECB0095DB55 /* ASIHTTP */ = {
			isa = PBXGroup;
			children = (
				ADB69385142F6F230095DB55 /* ASIWebPageRequest.h */,
				ADB69386142F6F230095DB55 /* ASIWebPageRequest.m */,
				ADB69369142F6EE80095DB55 /* ASIHTTPRequestConfig.h */,
				ADB6936A142F6EE80095DB55 /* ASICacheDelegate.h */,
				ADB6936B142F6EE80095DB55 /* ASIHTTPRequestDelegate.h */,
				ADB6936C142F6EE80095DB55 /* ASIProgressDelegate.h */,
				ADB6936D142F6EE80095DB55 /* ASIAuthenticationDialog.h */,
				ADB6936E142F6EE80095DB55 /* ASIAuthenticationDialog.m */,
				ADB6936F142F6EE80095DB55 /* ASIInputStream.h */,
				ADB69370142F6EE80095DB55 /* ASIInputStream.m */,
				ADB69371142F6EE80095DB55 /* ASIFormDataRequest.h */,
				ADB69372142F6EE80095DB55 /* ASIFormDataRequest.m */,
				ADB69373142F6EE80095DB55 /* ASIHTTPRequest.h */,
				ADB69374142F6EE80095DB55 /* ASIHTTPRequest.m */,
				ADB69375142F6EE80095DB55 /* ASINetworkQueue.h */,
				ADB69376142F6EE80095DB55 /* ASINetworkQueue.m */,
				ADB69377142F6EE80095DB55 /* ASIDownloadCache.h */,
				ADB69378142F6EE80095DB55 /* ASIDownloadCache.m */,
				ADB69379142F6EE80095DB55 /* ASIDataDecompressor.h */,
				ADB6937A142F6EE80095DB55 /* ASIDataDecompressor.m */,
				ADB6937B142F6EE80095DB55 /* ASIDataCompressor.h */,
				ADB6937C142F6EE80095DB55 /* ASIDataCompressor.m */,
			);
			path = ASIHTTP;
			sourceTree = "<group>";
		};
		ADB69388142F6F750095DB55 /* AsyncSocket */ = {
			isa = PBXGroup;
			children = (
				ADB69389142F6F750095DB55 /* AsyncSocket Documentation.html */,
				ADB6938A142F6F750095DB55 /* AsyncSocket.h */,
				ADB6938B142F6F750095DB55 /* AsyncSocket.m */,
				ADB6938C142F6F750095DB55 /* AsyncUdpSocket.h */,
				ADB6938D142F6F750095DB55 /* AsyncUdpSocket.m */,
				ADB6938E142F6F750095DB55 /* changes.txt */,
			);
			path = AsyncSocket;
			sourceTree = "<group>";
		};
/* End PBXGroup section */

/* Begin PBXNativeTarget section */
		ADB6917D142F5DF10095DB55 /* socketio */ = {
			isa = PBXNativeTarget;
			buildConfigurationList = ADB6919F142F5DF10095DB55 /* Build configuration list for PBXNativeTarget "socketio" */;
			buildPhases = (
				ADB6917A142F5DF10095DB55 /* Sources */,
				ADB6917B142F5DF10095DB55 /* Frameworks */,
				ADB6917C142F5DF10095DB55 /* Resources */,
			);
			buildRules = (
			);
			dependencies = (
			);
			name = socketio;
			productName = socketio;
			productReference = ADB6917E142F5DF10095DB55 /* socketio.app */;
			productType = "com.apple.product-type.application";
		};
/* End PBXNativeTarget section */

/* Begin PBXProject section */
		ADB69175142F5DF00095DB55 /* Project object */ = {
			isa = PBXProject;
			buildConfigurationList = ADB69178142F5DF00095DB55 /* Build configuration list for PBXProject "socketio" */;
			compatibilityVersion = "Xcode 3.2";
			developmentRegion = English;
			hasScannedForEncodings = 0;
			knownRegions = (
				en,
			);
			mainGroup = ADB69173142F5DF00095DB55;
			productRefGroup = ADB6917F142F5DF10095DB55 /* Products */;
			projectDirPath = "";
			projectRoot = "";
			targets = (
				ADB6917D142F5DF10095DB55 /* socketio */,
			);
		};
/* End PBXProject section */

/* Begin PBXResourcesBuildPhase section */
		ADB6917C142F5DF10095DB55 /* Resources */ = {
			isa = PBXResourcesBuildPhase;
			buildActionMask = 2147483647;
			files = (
				ADB6918D142F5DF10095DB55 /* InfoPlist.strings in Resources */,
				ADB69196142F5DF10095DB55 /* MainWindow.xib in Resources */,
				ADB6919C142F5DF10095DB55 /* socketioViewController.xib in Resources */,
				ADB69391142F6F750095DB55 /* AsyncSocket Documentation.html in Resources */,
				ADB69394142F6F750095DB55 /* changes.txt in Resources */,
			);
			runOnlyForDeploymentPostprocessing = 0;
		};
/* End PBXResourcesBuildPhase section */

/* Begin PBXSourcesBuildPhase section */
		ADB6917A142F5DF10095DB55 /* Sources */ = {
			isa = PBXSourcesBuildPhase;
			buildActionMask = 2147483647;
			files = (
				ADB6918F142F5DF10095DB55 /* main.m in Sources */,
				ADB69193142F5DF10095DB55 /* socketioAppDelegate.m in Sources */,
				ADB69199142F5DF10095DB55 /* socketioViewController.m in Sources */,
				ADB692D9142F6E0F0095DB55 /* NSObject+SBJson.m in Sources */,
				ADB692DA142F6E0F0095DB55 /* SBJsonParser.m in Sources */,
				ADB692DB142F6E0F0095DB55 /* SBJsonStreamParser.m in Sources */,
				ADB692DC142F6E0F0095DB55 /* SBJsonStreamParserAccumulator.m in Sources */,
				ADB692DD142F6E0F0095DB55 /* SBJsonStreamParserAdapter.m in Sources */,
				ADB692DE142F6E0F0095DB55 /* SBJsonStreamParserState.m in Sources */,
				ADB692DF142F6E0F0095DB55 /* SBJsonStreamWriter.m in Sources */,
				ADB692E0142F6E0F0095DB55 /* SBJsonStreamWriterAccumulator.m in Sources */,
				ADB692E1142F6E0F0095DB55 /* SBJsonStreamWriterState.m in Sources */,
				ADB692E2142F6E0F0095DB55 /* SBJsonTokeniser.m in Sources */,
				ADB692E3142F6E0F0095DB55 /* SBJsonUTF8Stream.m in Sources */,
				ADB692E4142F6E0F0095DB55 /* SBJsonWriter.m in Sources */,
				ADB692E7142F6E4E0095DB55 /* SocketIO.m in Sources */,
				ADB692F0142F6EB00095DB55 /* Reachability.m in Sources */,
				ADB6937D142F6EE80095DB55 /* ASIAuthenticationDialog.m in Sources */,
				ADB6937E142F6EE80095DB55 /* ASIInputStream.m in Sources */,
				ADB6937F142F6EE80095DB55 /* ASIFormDataRequest.m in Sources */,
				ADB69380142F6EE80095DB55 /* ASIHTTPRequest.m in Sources */,
				ADB69381142F6EE80095DB55 /* ASINetworkQueue.m in Sources */,
				ADB69382142F6EE80095DB55 /* ASIDownloadCache.m in Sources */,
				ADB69383142F6EE80095DB55 /* ASIDataDecompressor.m in Sources */,
				ADB69384142F6EE80095DB55 /* ASIDataCompressor.m in Sources */,
				ADB69387142F6F230095DB55 /* ASIWebPageRequest.m in Sources */,
				ADB69392142F6F750095DB55 /* AsyncSocket.m in Sources */,
				ADB69393142F6F750095DB55 /* AsyncUdpSocket.m in Sources */,
				ADB69395142F6F750095DB55 /* WebSocket.m in Sources */,
				ADB69398142F6F910095DB55 /* RegexKitLite.m in Sources */,
			);
			runOnlyForDeploymentPostprocessing = 0;
		};
/* End PBXSourcesBuildPhase section */

/* Begin PBXVariantGroup section */
		ADB6918B142F5DF10095DB55 /* InfoPlist.strings */ = {
			isa = PBXVariantGroup;
			children = (
				ADB6918C142F5DF10095DB55 /* en */,
			);
			name = InfoPlist.strings;
			sourceTree = "<group>";
		};
		ADB69194142F5DF10095DB55 /* MainWindow.xib */ = {
			isa = PBXVariantGroup;
			children = (
				ADB69195142F5DF10095DB55 /* en */,
			);
			name = MainWindow.xib;
			sourceTree = "<group>";
		};
		ADB6919A142F5DF10095DB55 /* socketioViewController.xib */ = {
			isa = PBXVariantGroup;
			children = (
				ADB6919B142F5DF10095DB55 /* en */,
			);
			name = socketioViewController.xib;
			sourceTree = "<group>";
		};
/* End PBXVariantGroup section */

/* Begin XCBuildConfiguration section */
		ADB6919D142F5DF10095DB55 /* Debug */ = {
			isa = XCBuildConfiguration;
			buildSettings = {
				ALWAYS_SEARCH_USER_PATHS = NO;
				ARCHS = "$(ARCHS_STANDARD_32_BIT)";
				"CODE_SIGN_IDENTITY[sdk=iphoneos*]" = "iPhone Developer";
				COPY_PHASE_STRIP = NO;
				GCC_C_LANGUAGE_STANDARD = gnu99;
				GCC_DYNAMIC_NO_PIC = NO;
				GCC_OPTIMIZATION_LEVEL = 0;
				GCC_PREPROCESSOR_DEFINITIONS = (
					"DEBUG=1",
					"$(inherited)",
				);
				GCC_SYMBOLS_PRIVATE_EXTERN = NO;
				GCC_VERSION = com.apple.compilers.llvmgcc42;
				GCC_WARN_ABOUT_MISSING_PROTOTYPES = YES;
				GCC_WARN_ABOUT_RETURN_TYPE = YES;
				GCC_WARN_UNUSED_VARIABLE = YES;
				IPHONEOS_DEPLOYMENT_TARGET = 4.3;
				SDKROOT = iphoneos;
			};
			name = Debug;
		};
		ADB6919E142F5DF10095DB55 /* Release */ = {
			isa = XCBuildConfiguration;
			buildSettings = {
				ALWAYS_SEARCH_USER_PATHS = NO;
				ARCHS = "$(ARCHS_STANDARD_32_BIT)";
				"CODE_SIGN_IDENTITY[sdk=iphoneos*]" = "iPhone Developer";
				COPY_PHASE_STRIP = YES;
				GCC_C_LANGUAGE_STANDARD = gnu99;
				GCC_VERSION = com.apple.compilers.llvmgcc42;
				GCC_WARN_ABOUT_MISSING_PROTOTYPES = YES;
				GCC_WARN_ABOUT_RETURN_TYPE = YES;
				GCC_WARN_UNUSED_VARIABLE = YES;
				IPHONEOS_DEPLOYMENT_TARGET = 4.3;
				OTHER_CFLAGS = "-DNS_BLOCK_ASSERTIONS=1";
				SDKROOT = iphoneos;
				VALIDATE_PRODUCT = YES;
			};
			name = Release;
		};
		ADB691A0142F5DF10095DB55 /* Debug */ = {
			isa = XCBuildConfiguration;
			buildSettings = {
				FRAMEWORK_SEARCH_PATHS = (
					"$(inherited)",
					"\"$(SRCROOT)/socketio\"",
				);
				GCC_PRECOMPILE_PREFIX_HEADER = YES;
				GCC_PREFIX_HEADER = "socketio/socketio-Prefix.pch";
				HEADER_SEARCH_PATHS = /usr/include/libxml2;
				INFOPLIST_FILE = "socketio/socketio-Info.plist";
				LIBRARY_SEARCH_PATHS = (
					"$(inherited)",
					"\"$(SRCROOT)/socketio/simulator\"",
					"\"$(SRCROOT)/socketio/device\"",
				);
				OTHER_LDFLAGS = (
					"-lz",
					"-licucore",
				);
				PRODUCT_NAME = "$(TARGET_NAME)";
				WRAPPER_EXTENSION = app;
			};
			name = Debug;
		};
		ADB691A1142F5DF10095DB55 /* Release */ = {
			isa = XCBuildConfiguration;
			buildSettings = {
				FRAMEWORK_SEARCH_PATHS = (
					"$(inherited)",
					"\"$(SRCROOT)/socketio\"",
				);
				GCC_PRECOMPILE_PREFIX_HEADER = YES;
				GCC_PREFIX_HEADER = "socketio/socketio-Prefix.pch";
				HEADER_SEARCH_PATHS = /usr/include/libxml2;
				INFOPLIST_FILE = "socketio/socketio-Info.plist";
				LIBRARY_SEARCH_PATHS = (
					"$(inherited)",
					"\"$(SRCROOT)/socketio/simulator\"",
					"\"$(SRCROOT)/socketio/device\"",
				);
				OTHER_LDFLAGS = (
					"-lz",
					"-licucore",
				);
				PRODUCT_NAME = "$(TARGET_NAME)";
				WRAPPER_EXTENSION = app;
			};
			name = Release;
		};
/* End XCBuildConfiguration section */

/* Begin XCConfigurationList section */
		ADB69178142F5DF00095DB55 /* Build configuration list for PBXProject "socketio" */ = {
			isa = XCConfigurationList;
			buildConfigurations = (
				ADB6919D142F5DF10095DB55 /* Debug */,
				ADB6919E142F5DF10095DB55 /* Release */,
			);
			defaultConfigurationIsVisible = 0;
			defaultConfigurationName = Release;
		};
		ADB6919F142F5DF10095DB55 /* Build configuration list for PBXNativeTarget "socketio" */ = {
			isa = XCConfigurationList;
			buildConfigurations = (
				ADB691A0142F5DF10095DB55 /* Debug */,
				ADB691A1142F5DF10095DB55 /* Release */,
			);
			defaultConfigurationIsVisible = 0;
		};
/* End XCConfigurationList section */
	};
	rootObject = ADB69175142F5DF00095DB55 /* Project object */;
}
